
Microsoft Visual Studio Solution File, Format Version 12.00
# Visual Studio Version 16
VisualStudioVersion = 16.0.29009.5
MinimumVisualStudioVersion = 10.0.40219.1
Project("{FAE04EC0-301F-11D3-BF4B-00C04F79EFBC}") = "PPE_ligue", "PPE_ligue\PPE_ligue.csproj", "{8776F89A-4D18-4E33-9DF2-CB00FAFD260C}"
EndProject
Project("{FAE04EC0-301F-11D3-BF4B-00C04F79EFBC}") = "PPE_ligue_mobile.Android", "PPE_ligue_mobile\PPE_ligue_mobile.Android\PPE_ligue_mobile.Android.csproj", "{EA962CAC-2484-430B-B991-CCD11E0D86F9}"
EndProject
Project("{FAE04EC0-301F-11D3-BF4B-00C04F79EFBC}") = "PPE_ligue_mobile.iOS", "PPE_ligue_mobile\PPE_ligue_mobile.iOS\PPE_ligue_mobile.iOS.csproj", "{724DF558-F161-4FDB-AA46-70E982CAB781}"
EndProject
Project("{FAE04EC0-301F-11D3-BF4B-00C04F79EFBC}") = "PPE_ligue_mobile", "PPE_ligue_mobile\PPE_ligue_mobile\PPE_ligue_mobile.csproj", "{946E80B0-CF2E-4E24-A0A6-F9BC80F7634B}"
EndProject
Project("{FAE04EC0-301F-11D3-BF4B-00C04F79EFBC}") = "API", "API\API.csproj", "{DD001EBB-6242-45F9-A207-1B5ADD2E82EE}"
EndProject
Global
	GlobalSection(SolutionConfigurationPlatforms) = preSolution
		Debug|Any CPU = Debug|Any CPU
		Debug|iPhone = Debug|iPhone
		Debug|iPhoneSimulator = Debug|iPhoneSimulator
		Release|Any CPU = Release|Any CPU
		Release|iPhone = Release|iPhone
		Release|iPhoneSimulator = Release|iPhoneSimulator
	EndGlobalSection
	GlobalSection(ProjectConfigurationPlatforms) = postSolution
		{8776F89A-4D18-4E33-9DF2-CB00FAFD260C}.Debug|Any CPU.ActiveCfg = Debug|Any CPU
		{8776F89A-4D18-4E33-9DF2-CB00FAFD260C}.Debug|Any CPU.Build.0 = Debug|Any CPU
		{8776F89A-4D18-4E33-9DF2-CB00FAFD260C}.Debug|iPhone.ActiveCfg = Debug|Any CPU
		{8776F89A-4D18-4E33-9DF2-CB00FAFD260C}.Debug|iPhone.Build.0 = Debug|Any CPU
		{8776F89A-4D18-4E33-9DF2-CB00FAFD260C}.Debug|iPhoneSimulator.ActiveCfg = Debug|Any CPU
		{8776F89A-4D18-4E33-9DF2-CB00FAFD260C}.Debug|iPhoneSimulator.Build.0 = Debug|Any CPU
		{8776F89A-4D18-4E33-9DF2-CB00FAFD260C}.Release|Any CPU.ActiveCfg = Release|Any CPU
		{8776F89A-4D18-4E33-9DF2-CB00FAFD260C}.Release|Any CPU.Build.0 = Release|Any CPU
		{8776F89A-4D18-4E33-9DF2-CB00FAFD260C}.Release|iPhone.ActiveCfg = Release|Any CPU
		{8776F89A-4D18-4E33-9DF2-CB00FAFD260C}.Release|iPhone.Build.0 = Release|Any CPU
		{8776F89A-4D18-4E33-9DF2-CB00FAFD260C}.Release|iPhoneSimulator.ActiveCfg = Release|Any CPU
		{8776F89A-4D18-4E33-9DF2-CB00FAFD260C}.Release|iPhoneSimulator.Build.0 = Release|Any CPU
		{EA962CAC-2484-430B-B991-CCD11E0D86F9}.Debug|Any CPU.ActiveCfg = Debug|Any CPU
		{EA962CAC-2484-430B-B991-CCD11E0D86F9}.Debug|Any CPU.Build.0 = Debug|Any CPU
		{EA962CAC-2484-430B-B991-CCD11E0D86F9}.Debug|Any CPU.Deploy.0 = Debug|Any CPU
		{EA962CAC-2484-430B-B991-CCD11E0D86F9}.Debug|iPhone.ActiveCfg = Debug|Any CPU
		{EA962CAC-2484-430B-B991-CCD11E0D86F9}.Debug|iPhone.Build.0 = Debug|Any CPU
		{EA962CAC-2484-430B-B991-CCD11E0D86F9}.Debug|iPhone.Deploy.0 = Debug|Any CPU
		{EA962CAC-2484-430B-B991-CCD11E0D86F9}.Debug|iPhoneSimulator.ActiveCfg = Debug|Any CPU
		{EA962CAC-2484-430B-B991-CCD11E0D86F9}.Debug|iPhoneSimulator.Build.0 = Debug|Any CPU
		{EA962CAC-2484-430B-B991-CCD11E0D86F9}.Debug|iPhoneSimulator.Deploy.0 = Debug|Any CPU
		{EA962CAC-2484-430B-B991-CCD11E0D86F9}.Release|Any CPU.ActiveCfg = Release|Any CPU
		{EA962CAC-2484-430B-B991-CCD11E0D86F9}.Release|Any CPU.Build.0 = Release|Any CPU
		{EA962CAC-2484-430B-B991-CCD11E0D86F9}.Release|Any CPU.Deploy.0 = Release|Any CPU
		{EA962CAC-2484-430B-B991-CCD11E0D86F9}.Release|iPhone.ActiveCfg = Release|Any CPU
		{EA962CAC-2484-430B-B991-CCD11E0D86F9}.Release|iPhone.Build.0 = Release|Any CPU
		{EA962CAC-2484-430B-B991-CCD11E0D86F9}.Release|iPhone.Deploy.0 = Release|Any CPU
		{EA962CAC-2484-430B-B991-CCD11E0D86F9}.Release|iPhoneSimulator.ActiveCfg = Release|Any CPU
		{EA962CAC-2484-430B-B991-CCD11E0D86F9}.Release|iPhoneSimulator.Build.0 = Release|Any CPU
		{EA962CAC-2484-430B-B991-CCD11E0D86F9}.Release|iPhoneSimulator.Deploy.0 = Release|Any CPU
		{724DF558-F161-4FDB-AA46-70E982CAB781}.Debug|Any CPU.ActiveCfg = Debug|iPhone
		{724DF558-F161-4FDB-AA46-70E982CAB781}.Debug|iPhone.ActiveCfg = Debug|iPhone
		{724DF558-F161-4FDB-AA46-70E982CAB781}.Debug|iPhone.Build.0 = Debug|iPhone
		{724DF558-F161-4FDB-AA46-70E982CAB781}.Debug|iPhoneSimulator.ActiveCfg = Debug|iPhoneSimulator
		{724DF558-F161-4FDB-AA46-70E982CAB781}.Debug|iPhoneSimulator.Build.0 = Debug|iPhoneSimulator
		{724DF558-F161-4FDB-AA46-70E982CAB781}.Release|Any CPU.ActiveCfg = Release|iPhone
		{724DF558-F161-4FDB-AA46-70E982CAB781}.Release|iPhone.ActiveCfg = Release|iPhone
		{724DF558-F161-4FDB-AA46-70E982CAB781}.Release|iPhone.Build.0 = Release|iPhone
		{724DF558-F161-4FDB-AA46-70E982CAB781}.Release|iPhoneSimulator.ActiveCfg = Release|iPhoneSimulator
		{724DF558-F161-4FDB-AA46-70E982CAB781}.Release|iPhoneSimulator.Build.0 = Release|iPhoneSimulator
		{946E80B0-CF2E-4E24-A0A6-F9BC80F7634B}.Debug|Any CPU.ActiveCfg = Debug|Any CPU
		{946E80B0-CF2E-4E24-A0A6-F9BC80F7634B}.Debug|Any CPU.Build.0 = Debug|Any CPU
		{946E80B0-CF2E-4E24-A0A6-F9BC80F7634B}.Debug|iPhone.ActiveCfg = Debug|Any CPU
		{946E80B0-CF2E-4E24-A0A6-F9BC80F7634B}.Debug|iPhone.Build.0 = Debug|Any CPU
		{946E80B0-CF2E-4E24-A0A6-F9BC80F7634B}.Debug|iPhoneSimulator.ActiveCfg = Debug|Any CPU
		{946E80B0-CF2E-4E24-A0A6-F9BC80F7634B}.Debug|iPhoneSimulator.Build.0 = Debug|Any CPU
		{946E80B0-CF2E-4E24-A0A6-F9BC80F7634B}.Release|Any CPU.ActiveCfg = Release|Any CPU
		{946E80B0-CF2E-4E24-A0A6-F9BC80F7634B}.Release|Any CPU.Build.0 = Release|Any CPU
		{946E80B0-CF2E-4E24-A0A6-F9BC80F7634B}.Release|iPhone.ActiveCfg = Release|Any CPU
		{946E80B0-CF2E-4E24-A0A6-F9BC80F7634B}.Release|iPhone.Build.0 = Release|Any CPU
		{946E80B0-CF2E-4E24-A0A6-F9BC80F7634B}.Release|iPhoneSimulator.ActiveCfg = Release|Any CPU
		{946E80B0-CF2E-4E24-A0A6-F9BC80F7634B}.Release|iPhoneSimulator.Build.0 = Release|Any CPU
		{DD001EBB-6242-45F9-A207-1B5ADD2E82EE}.Debug|Any CPU.ActiveCfg = Debug|Any CPU
		{DD001EBB-6242-45F9-A207-1B5ADD2E82EE}.Debug|Any CPU.Build.0 = Debug|Any CPU
		{DD001EBB-6242-45F9-A207-1B5ADD2E82EE}.Debug|iPhone.ActiveCfg = Debug|Any CPU
		{DD001EBB-6242-45F9-A207-1B5ADD2E82EE}.Debug|iPhone.Build.0 = Debug|Any CPU
		{DD001EBB-6242-45F9-A207-1B5ADD2E82EE}.Debug|iPhoneSimulator.ActiveCfg = Debug|Any CPU
		{DD001EBB-6242-45F9-A207-1B5ADD2E82EE}.Debug|iPhoneSimulator.Build.0 = Debug|Any CPU
		{DD001EBB-6242-45F9-A207-1B5ADD2E82EE}.Release|Any CPU.ActiveCfg = Release|Any CPU
		{DD001EBB-6242-45F9-A207-1B5ADD2E82EE}.Release|Any CPU.Build.0 = Release|Any CPU
		{DD001EBB-6242-45F9-A207-1B5ADD2E82EE}.Release|iPhone.ActiveCfg = Release|Any CPU
		{DD001EBB-6242-45F9-A207-1B5ADD2E82EE}.Release|iPhone.Build.0 = Release|Any CPU
		{DD001EBB-6242-45F9-A207-1B5ADD2E82EE}.Release|iPhoneSimulator.ActiveCfg = Release|Any CPU
		{DD001EBB-6242-45F9-A207-1B5ADD2E82EE}.Release|iPhoneSimulator.Build.0 = Release|Any CPU
	EndGlobalSection
	GlobalSection(SolutionProperties) = preSolution
		HideSolutionNode = FALSE
	EndGlobalSection
	GlobalSection(ExtensibilityGlobals) = postSolution
		SolutionGuid = {80B0C3E8-637C-4FF4-83E4-7A21461FE710}
	EndGlobalSection
EndGlobal
