
Microsoft Visual Studio Solution File, Format Version 12.00
# Visual Studio Version 16
VisualStudioVersion = 16.0.29009.5
MinimumVisualStudioVersion = 10.0.40219.1
Project("{FAE04EC0-301F-11D3-BF4B-00C04F79EFBC}") = "PPE_ligue", "PPE_ligue\PPE_ligue.csproj", "{8776F89A-4D18-4E33-9DF2-CB00FAFD260C}"
EndProject
Global
	GlobalSection(SolutionConfigurationPlatforms) = preSolution
		Debug|Any CPU = Debug|Any CPU
		Release|Any CPU = Release|Any CPU
	EndGlobalSection
	GlobalSection(ProjectConfigurationPlatforms) = postSolution
		{8776F89A-4D18-4E33-9DF2-CB00FAFD260C}.Debug|Any CPU.ActiveCfg = Debug|Any CPU
		{8776F89A-4D18-4E33-9DF2-CB00FAFD260C}.Debug|Any CPU.Build.0 = Debug|Any CPU
		{8776F89A-4D18-4E33-9DF2-CB00FAFD260C}.Release|Any CPU.ActiveCfg = Release|Any CPU
		{8776F89A-4D18-4E33-9DF2-CB00FAFD260C}.Release|Any CPU.Build.0 = Release|Any CPU
	EndGlobalSection
	GlobalSection(SolutionProperties) = preSolution
		HideSolutionNode = FALSE
	EndGlobalSection
	GlobalSection(ExtensibilityGlobals) = postSolution
		SolutionGuid = {80B0C3E8-637C-4FF4-83E4-7A21461FE710}
	EndGlobalSection
EndGlobal
